// !$*UTF8*$!
{
	archiveVersion = 1;
	classes = {
	};
	objectVersion = 50;
	objects = {

/* Begin PBXBuildFile section */
		50CA1BC1261F0DB100DCBD13 /* AppDelegate.swift in Sources */ = {isa = PBXBuildFile; fileRef = 50CA1BC0261F0DB100DCBD13 /* AppDelegate.swift */; };
		50CA1BC3261F0DB100DCBD13 /* SceneDelegate.swift in Sources */ = {isa = PBXBuildFile; fileRef = 50CA1BC2261F0DB100DCBD13 /* SceneDelegate.swift */; };
		50CA1BC8261F0DB100DCBD13 /* Main.storyboard in Resources */ = {isa = PBXBuildFile; fileRef = 50CA1BC6261F0DB100DCBD13 /* Main.storyboard */; };
		50CA1BCA261F0DB200DCBD13 /* Assets.xcassets in Resources */ = {isa = PBXBuildFile; fileRef = 50CA1BC9261F0DB200DCBD13 /* Assets.xcassets */; };
		50CA1BCD261F0DB200DCBD13 /* LaunchScreen.storyboard in Resources */ = {isa = PBXBuildFile; fileRef = 50CA1BCB261F0DB200DCBD13 /* LaunchScreen.storyboard */; };
		50CA1BE3261F1B3F00DCBD13 /* FeedModel.swift in Sources */ = {isa = PBXBuildFile; fileRef = 50CA1BE2261F1B3F00DCBD13 /* FeedModel.swift */; };
		50CA1BE7261F1C7600DCBD13 /* NetworkManager.swift in Sources */ = {isa = PBXBuildFile; fileRef = 50CA1BE6261F1C7600DCBD13 /* NetworkManager.swift */; };
		50CA1BF0261F1E7E00DCBD13 /* FeedListViewController.swift in Sources */ = {isa = PBXBuildFile; fileRef = 50CA1BEF261F1E7E00DCBD13 /* FeedListViewController.swift */; };
		50CA1BF5261FFCC700DCBD13 /* FeedTableViewCell.swift in Sources */ = {isa = PBXBuildFile; fileRef = 50CA1BF4261FFCC700DCBD13 /* FeedTableViewCell.swift */; };
		50CA1BF9261FFD4800DCBD13 /* ImageManager.swift in Sources */ = {isa = PBXBuildFile; fileRef = 50CA1BF8261FFD4800DCBD13 /* ImageManager.swift */; };
		50CA1BFD262001BA00DCBD13 /* FeedDetailsViewController.swift in Sources */ = {isa = PBXBuildFile; fileRef = 50CA1BFC262001BA00DCBD13 /* FeedDetailsViewController.swift */; };
/* End PBXBuildFile section */

/* Begin PBXFileReference section */
		50CA1BBD261F0DB100DCBD13 /* Rss Feed.app */ = {isa = PBXFileReference; explicitFileType = wrapper.application; includeInIndex = 0; path = "Rss Feed.app"; sourceTree = BUILT_PRODUCTS_DIR; };
		50CA1BC0261F0DB100DCBD13 /* AppDelegate.swift */ = {isa = PBXFileReference; lastKnownFileType = sourcecode.swift; path = AppDelegate.swift; sourceTree = "<group>"; };
		50CA1BC2261F0DB100DCBD13 /* SceneDelegate.swift */ = {isa = PBXFileReference; lastKnownFileType = sourcecode.swift; path = SceneDelegate.swift; sourceTree = "<group>"; };
		50CA1BC7261F0DB100DCBD13 /* Base */ = {isa = PBXFileReference; lastKnownFileType = file.storyboard; name = Base; path = Base.lproj/Main.storyboard; sourceTree = "<group>"; };
		50CA1BC9261F0DB200DCBD13 /* Assets.xcassets */ = {isa = PBXFileReference; lastKnownFileType = folder.assetcatalog; path = Assets.xcassets; sourceTree = "<group>"; };
		50CA1BCC261F0DB200DCBD13 /* Base */ = {isa = PBXFileReference; lastKnownFileType = file.storyboard; name = Base; path = Base.lproj/LaunchScreen.storyboard; sourceTree = "<group>"; };
		50CA1BCE261F0DB200DCBD13 /* Info.plist */ = {isa = PBXFileReference; lastKnownFileType = text.plist.xml; path = Info.plist; sourceTree = "<group>"; };
		50CA1BE2261F1B3F00DCBD13 /* FeedModel.swift */ = {isa = PBXFileReference; lastKnownFileType = sourcecode.swift; path = FeedModel.swift; sourceTree = "<group>"; };
		50CA1BE6261F1C7600DCBD13 /* NetworkManager.swift */ = {isa = PBXFileReference; lastKnownFileType = sourcecode.swift; path = NetworkManager.swift; sourceTree = "<group>"; };
		50CA1BEF261F1E7E00DCBD13 /* FeedListViewController.swift */ = {isa = PBXFileReference; lastKnownFileType = sourcecode.swift; path = FeedListViewController.swift; sourceTree = "<group>"; };
		50CA1BF4261FFCC700DCBD13 /* FeedTableViewCell.swift */ = {isa = PBXFileReference; lastKnownFileType = sourcecode.swift; path = FeedTableViewCell.swift; sourceTree = "<group>"; };
		50CA1BF8261FFD4800DCBD13 /* ImageManager.swift */ = {isa = PBXFileReference; lastKnownFileType = sourcecode.swift; path = ImageManager.swift; sourceTree = "<group>"; };
		50CA1BFC262001BA00DCBD13 /* FeedDetailsViewController.swift */ = {isa = PBXFileReference; lastKnownFileType = sourcecode.swift; path = FeedDetailsViewController.swift; sourceTree = "<group>"; };
/* End PBXFileReference section */

/* Begin PBXFrameworksBuildPhase section */
		50CA1BBA261F0DB100DCBD13 /* Frameworks */ = {
			isa = PBXFrameworksBuildPhase;
			buildActionMask = 2147483647;
			files = (
			);
			runOnlyForDeploymentPostprocessing = 0;
		};
/* End PBXFrameworksBuildPhase section */

/* Begin PBXGroup section */
		50CA1BB4261F0DB100DCBD13 = {
			isa = PBXGroup;
			children = (
				50CA1BBF261F0DB100DCBD13 /* Rss Feed */,
				50CA1BBE261F0DB100DCBD13 /* Products */,
			);
			sourceTree = "<group>";
		};
		50CA1BBE261F0DB100DCBD13 /* Products */ = {
			isa = PBXGroup;
			children = (
				50CA1BBD261F0DB100DCBD13 /* Rss Feed.app */,
			);
			name = Products;
			sourceTree = "<group>";
		};
		50CA1BBF261F0DB100DCBD13 /* Rss Feed */ = {
			isa = PBXGroup;
			children = (
				50CA1BF3261FFC7000DCBD13 /* Views */,
				50CA1BEA261F1E2400DCBD13 /* ViewControllers */,
				50CA1BE1261F168400DCBD13 /* Models */,
				50CA1BD5261F0DEA00DCBD13 /* Storyboard */,
				50CA1BE0261F153200DCBD13 /* Services */,
				50CA1BDA261F0E4A00DCBD13 /* Supporting Files */,
				50CA1BD8261F0E2300DCBD13 /* Resources */,
			);
			path = "Rss Feed";
			sourceTree = "<group>";
		};
		50CA1BD5261F0DEA00DCBD13 /* Storyboard */ = {
			isa = PBXGroup;
			children = (
				50CA1BC6261F0DB100DCBD13 /* Main.storyboard */,
				50CA1BCB261F0DB200DCBD13 /* LaunchScreen.storyboard */,
			);
			path = Storyboard;
			sourceTree = "<group>";
		};
		50CA1BD8261F0E2300DCBD13 /* Resources */ = {
			isa = PBXGroup;
			children = (
				50CA1BC9261F0DB200DCBD13 /* Assets.xcassets */,
			);
			path = Resources;
			sourceTree = "<group>";
		};
		50CA1BDA261F0E4A00DCBD13 /* Supporting Files */ = {
			isa = PBXGroup;
			children = (
				50CA1BC0261F0DB100DCBD13 /* AppDelegate.swift */,
				50CA1BC2261F0DB100DCBD13 /* SceneDelegate.swift */,
				50CA1BCE261F0DB200DCBD13 /* Info.plist */,
			);
			path = "Supporting Files";
			sourceTree = "<group>";
		};
		50CA1BE0261F153200DCBD13 /* Services */ = {
			isa = PBXGroup;
			children = (
				50CA1BE6261F1C7600DCBD13 /* NetworkManager.swift */,
				50CA1BF8261FFD4800DCBD13 /* ImageManager.swift */,
			);
			path = Services;
			sourceTree = "<group>";
		};
		50CA1BE1261F168400DCBD13 /* Models */ = {
			isa = PBXGroup;
			children = (
				50CA1BE2261F1B3F00DCBD13 /* FeedModel.swift */,
			);
			path = Models;
			sourceTree = "<group>";
		};
		50CA1BEA261F1E2400DCBD13 /* ViewControllers */ = {
			isa = PBXGroup;
			children = (
				50CA1BEF261F1E7E00DCBD13 /* FeedListViewController.swift */,
				50CA1BFC262001BA00DCBD13 /* FeedDetailsViewController.swift */,
			);
			path = ViewControllers;
			sourceTree = "<group>";
		};
		50CA1BF3261FFC7000DCBD13 /* Views */ = {
			isa = PBXGroup;
			children = (
				50CA1BF4261FFCC700DCBD13 /* FeedTableViewCell.swift */,
			);
			path = Views;
			sourceTree = "<group>";
		};
/* End PBXGroup section */

/* Begin PBXNativeTarget section */
		50CA1BBC261F0DB100DCBD13 /* Rss Feed */ = {
			isa = PBXNativeTarget;
			buildConfigurationList = 50CA1BD1261F0DB200DCBD13 /* Build configuration list for PBXNativeTarget "Rss Feed" */;
			buildPhases = (
				50CA1BB9261F0DB100DCBD13 /* Sources */,
				50CA1BBA261F0DB100DCBD13 /* Frameworks */,
				50CA1BBB261F0DB100DCBD13 /* Resources */,
			);
			buildRules = (
			);
			dependencies = (
			);
			name = "Rss Feed";
			productName = "Rss Feed";
			productReference = 50CA1BBD261F0DB100DCBD13 /* Rss Feed.app */;
			productType = "com.apple.product-type.application";
		};
/* End PBXNativeTarget section */

/* Begin PBXProject section */
		50CA1BB5261F0DB100DCBD13 /* Project object */ = {
			isa = PBXProject;
			attributes = {
				LastSwiftUpdateCheck = 1240;
				LastUpgradeCheck = 1240;
				TargetAttributes = {
					50CA1BBC261F0DB100DCBD13 = {
						CreatedOnToolsVersion = 12.4;
					};
				};
			};
			buildConfigurationList = 50CA1BB8261F0DB100DCBD13 /* Build configuration list for PBXProject "Rss Feed" */;
			compatibilityVersion = "Xcode 9.3";
			developmentRegion = en;
			hasScannedForEncodings = 0;
			knownRegions = (
				en,
				Base,
			);
			mainGroup = 50CA1BB4261F0DB100DCBD13;
			productRefGroup = 50CA1BBE261F0DB100DCBD13 /* Products */;
			projectDirPath = "";
			projectRoot = "";
			targets = (
				50CA1BBC261F0DB100DCBD13 /* Rss Feed */,
			);
		};
/* End PBXProject section */

/* Begin PBXResourcesBuildPhase section */
		50CA1BBB261F0DB100DCBD13 /* Resources */ = {
			isa = PBXResourcesBuildPhase;
			buildActionMask = 2147483647;
			files = (
				50CA1BCD261F0DB200DCBD13 /* LaunchScreen.storyboard in Resources */,
				50CA1BCA261F0DB200DCBD13 /* Assets.xcassets in Resources */,
				50CA1BC8261F0DB100DCBD13 /* Main.storyboard in Resources */,
			);
			runOnlyForDeploymentPostprocessing = 0;
		};
/* End PBXResourcesBuildPhase section */

/* Begin PBXSourcesBuildPhase section */
		50CA1BB9261F0DB100DCBD13 /* Sources */ = {
			isa = PBXSourcesBuildPhase;
			buildActionMask = 2147483647;
			files = (
				50CA1BE7261F1C7600DCBD13 /* NetworkManager.swift in Sources */,
				50CA1BF5261FFCC700DCBD13 /* FeedTableViewCell.swift in Sources */,
				50CA1BF9261FFD4800DCBD13 /* ImageManager.swift in Sources */,
				50CA1BFD262001BA00DCBD13 /* FeedDetailsViewController.swift in Sources */,
				50CA1BC1261F0DB100DCBD13 /* AppDelegate.swift in Sources */,
				50CA1BF0261F1E7E00DCBD13 /* FeedListViewController.swift in Sources */,
				50CA1BE3261F1B3F00DCBD13 /* FeedModel.swift in Sources */,
				50CA1BC3261F0DB100DCBD13 /* SceneDelegate.swift in Sources */,
			);
			runOnlyForDeploymentPostprocessing = 0;
		};
/* End PBXSourcesBuildPhase section */

/* Begin PBXVariantGroup section */
		50CA1BC6261F0DB100DCBD13 /* Main.storyboard */ = {
			isa = PBXVariantGroup;
			children = (
				50CA1BC7261F0DB100DCBD13 /* Base */,
			);
			name = Main.storyboard;
			sourceTree = "<group>";
		};
		50CA1BCB261F0DB200DCBD13 /* LaunchScreen.storyboard */ = {
			isa = PBXVariantGroup;
			children = (
				50CA1BCC261F0DB200DCBD13 /* Base */,
			);
			name = LaunchScreen.storyboard;
			sourceTree = "<group>";
		};
/* End PBXVariantGroup section */

/* Begin XCBuildConfiguration section */
		50CA1BCF261F0DB200DCBD13 /* Debug */ = {
			isa = XCBuildConfiguration;
			buildSettings = {
				ALWAYS_SEARCH_USER_PATHS = NO;
				CLANG_ANALYZER_NONNULL = YES;
				CLANG_ANALYZER_NUMBER_OBJECT_CONVERSION = YES_AGGRESSIVE;
				CLANG_CXX_LANGUAGE_STANDARD = "gnu++14";
				CLANG_CXX_LIBRARY = "libc++";
				CLANG_ENABLE_MODULES = YES;
				CLANG_ENABLE_OBJC_ARC = YES;
				CLANG_ENABLE_OBJC_WEAK = YES;
				CLANG_WARN_BLOCK_CAPTURE_AUTORELEASING = YES;
				CLANG_WARN_BOOL_CONVERSION = YES;
				CLANG_WARN_COMMA = YES;
				CLANG_WARN_CONSTANT_CONVERSION = YES;
				CLANG_WARN_DEPRECATED_OBJC_IMPLEMENTATIONS = YES;
				CLANG_WARN_DIRECT_OBJC_ISA_USAGE = YES_ERROR;
				CLANG_WARN_DOCUMENTATION_COMMENTS = YES;
				CLANG_WARN_EMPTY_BODY = YES;
				CLANG_WARN_ENUM_CONVERSION = YES;
				CLANG_WARN_INFINITE_RECURSION = YES;
				CLANG_WARN_INT_CONVERSION = YES;
				CLANG_WARN_NON_LITERAL_NULL_CONVERSION = YES;
				CLANG_WARN_OBJC_IMPLICIT_RETAIN_SELF = YES;
				CLANG_WARN_OBJC_LITERAL_CONVERSION = YES;
				CLANG_WARN_OBJC_ROOT_CLASS = YES_ERROR;
				CLANG_WARN_QUOTED_INCLUDE_IN_FRAMEWORK_HEADER = YES;
				CLANG_WARN_RANGE_LOOP_ANALYSIS = YES;
				CLANG_WARN_STRICT_PROTOTYPES = YES;
				CLANG_WARN_SUSPICIOUS_MOVE = YES;
				CLANG_WARN_UNGUARDED_AVAILABILITY = YES_AGGRESSIVE;
				CLANG_WARN_UNREACHABLE_CODE = YES;
				CLANG_WARN__DUPLICATE_METHOD_MATCH = YES;
				COPY_PHASE_STRIP = NO;
				DEBUG_INFORMATION_FORMAT = dwarf;
				ENABLE_STRICT_OBJC_MSGSEND = YES;
				ENABLE_TESTABILITY = YES;
				GCC_C_LANGUAGE_STANDARD = gnu11;
				GCC_DYNAMIC_NO_PIC = NO;
				GCC_NO_COMMON_BLOCKS = YES;
				GCC_OPTIMIZATION_LEVEL = 0;
				GCC_PREPROCESSOR_DEFINITIONS = (
					"DEBUG=1",
					"$(inherited)",
				);
				GCC_WARN_64_TO_32_BIT_CONVERSION = YES;
				GCC_WARN_ABOUT_RETURN_TYPE = YES_ERROR;
				GCC_WARN_UNDECLARED_SELECTOR = YES;
				GCC_WARN_UNINITIALIZED_AUTOS = YES_AGGRESSIVE;
				GCC_WARN_UNUSED_FUNCTION = YES;
				GCC_WARN_UNUSED_VARIABLE = YES;
				IPHONEOS_DEPLOYMENT_TARGET = 14.4;
				MTL_ENABLE_DEBUG_INFO = INCLUDE_SOURCE;
				MTL_FAST_MATH = YES;
				ONLY_ACTIVE_ARCH = YES;
				SDKROOT = iphoneos;
				SWIFT_ACTIVE_COMPILATION_CONDITIONS = DEBUG;
				SWIFT_OPTIMIZATION_LEVEL = "-Onone";
			};
			name = Debug;
		};
		50CA1BD0261F0DB200DCBD13 /* Release */ = {
			isa = XCBuildConfiguration;
			buildSettings = {
				ALWAYS_SEARCH_USER_PATHS = NO;
				CLANG_ANALYZER_NONNULL = YES;
				CLANG_ANALYZER_NUMBER_OBJECT_CONVERSION = YES_AGGRESSIVE;
				CLANG_CXX_LANGUAGE_STANDARD = "gnu++14";
				CLANG_CXX_LIBRARY = "libc++";
				CLANG_ENABLE_MODULES = YES;
				CLANG_ENABLE_OBJC_ARC = YES;
				CLANG_ENABLE_OBJC_WEAK = YES;
				CLANG_WARN_BLOCK_CAPTURE_AUTORELEASING = YES;
				CLANG_WARN_BOOL_CONVERSION = YES;
				CLANG_WARN_COMMA = YES;
				CLANG_WARN_CONSTANT_CONVERSION = YES;
				CLANG_WARN_DEPRECATED_OBJC_IMPLEMENTATIONS = YES;
				CLANG_WARN_DIRECT_OBJC_ISA_USAGE = YES_ERROR;
				CLANG_WARN_DOCUMENTATION_COMMENTS = YES;
				CLANG_WARN_EMPTY_BODY = YES;
				CLANG_WARN_ENUM_CONVERSION = YES;
				CLANG_WARN_INFINITE_RECURSION = YES;
				CLANG_WARN_INT_CONVERSION = YES;
				CLANG_WARN_NON_LITERAL_NULL_CONVERSION = YES;
				CLANG_WARN_OBJC_IMPLICIT_RETAIN_SELF = YES;
				CLANG_WARN_OBJC_LITERAL_CONVERSION = YES;
				CLANG_WARN_OBJC_ROOT_CLASS = YES_ERROR;
				CLANG_WARN_QUOTED_INCLUDE_IN_FRAMEWORK_HEADER = YES;
				CLANG_WARN_RANGE_LOOP_ANALYSIS = YES;
				CLANG_WARN_STRICT_PROTOTYPES = YES;
				CLANG_WARN_SUSPICIOUS_MOVE = YES;
				CLANG_WARN_UNGUARDED_AVAILABILITY = YES_AGGRESSIVE;
				CLANG_WARN_UNREACHABLE_CODE = YES;
				CLANG_WARN__DUPLICATE_METHOD_MATCH = YES;
				COPY_PHASE_STRIP = NO;
				DEBUG_INFORMATION_FORMAT = "dwarf-with-dsym";
				ENABLE_NS_ASSERTIONS = NO;
				ENABLE_STRICT_OBJC_MSGSEND = YES;
				GCC_C_LANGUAGE_STANDARD = gnu11;
				GCC_NO_COMMON_BLOCKS = YES;
				GCC_WARN_64_TO_32_BIT_CONVERSION = YES;
				GCC_WARN_ABOUT_RETURN_TYPE = YES_ERROR;
				GCC_WARN_UNDECLARED_SELECTOR = YES;
				GCC_WARN_UNINITIALIZED_AUTOS = YES_AGGRESSIVE;
				GCC_WARN_UNUSED_FUNCTION = YES;
				GCC_WARN_UNUSED_VARIABLE = YES;
				IPHONEOS_DEPLOYMENT_TARGET = 14.4;
				MTL_ENABLE_DEBUG_INFO = NO;
				MTL_FAST_MATH = YES;
				SDKROOT = iphoneos;
				SWIFT_COMPILATION_MODE = wholemodule;
				SWIFT_OPTIMIZATION_LEVEL = "-O";
				VALIDATE_PRODUCT = YES;
			};
			name = Release;
		};
		50CA1BD2261F0DB200DCBD13 /* Debug */ = {
			isa = XCBuildConfiguration;
			buildSettings = {
				ASSETCATALOG_COMPILER_APPICON_NAME = AppIcon;
				ASSETCATALOG_COMPILER_GLOBAL_ACCENT_COLOR_NAME = AccentColor;
				CODE_SIGN_STYLE = Automatic;
				DEVELOPMENT_TEAM = 63KQRTRZ55;
				INFOPLIST_FILE = "Rss Feed/Supporting Files/Info.plist";
				IPHONEOS_DEPLOYMENT_TARGET = 13.6;
				LD_RUNPATH_SEARCH_PATHS = (
					"$(inherited)",
					"@executable_path/Frameworks",
				);
				PRODUCT_BUNDLE_IDENTIFIER = "com.albertsadykov.Rss-Feed";
				PRODUCT_NAME = "$(TARGET_NAME)";
				SWIFT_VERSION = 5.0;
				TARGETED_DEVICE_FAMILY = 1;
			};
			name = Debug;
		};
		50CA1BD3261F0DB200DCBD13 /* Release */ = {
			isa = XCBuildConfiguration;
			buildSettings = {
				ASSETCATALOG_COMPILER_APPICON_NAME = AppIcon;
				ASSETCATALOG_COMPILER_GLOBAL_ACCENT_COLOR_NAME = AccentColor;
				CODE_SIGN_STYLE = Automatic;
				DEVELOPMENT_TEAM = 63KQRTRZ55;
				INFOPLIST_FILE = "Rss Feed/Supporting Files/Info.plist";
				IPHONEOS_DEPLOYMENT_TARGET = 13.6;
				LD_RUNPATH_SEARCH_PATHS = (
					"$(inherited)",
					"@executable_path/Frameworks",
				);
				PRODUCT_BUNDLE_IDENTIFIER = "com.albertsadykov.Rss-Feed";
				PRODUCT_NAME = "$(TARGET_NAME)";
				SWIFT_VERSION = 5.0;
				TARGETED_DEVICE_FAMILY = 1;
			};
			name = Release;
		};
/* End XCBuildConfiguration section */

/* Begin XCConfigurationList section */
		50CA1BB8261F0DB100DCBD13 /* Build configuration list for PBXProject "Rss Feed" */ = {
			isa = XCConfigurationList;
			buildConfigurations = (
				50CA1BCF261F0DB200DCBD13 /* Debug */,
				50CA1BD0261F0DB200DCBD13 /* Release */,
			);
			defaultConfigurationIsVisible = 0;
			defaultConfigurationName = Release;
		};
		50CA1BD1261F0DB200DCBD13 /* Build configuration list for PBXNativeTarget "Rss Feed" */ = {
			isa = XCConfigurationList;
			buildConfigurations = (
				50CA1BD2261F0DB200DCBD13 /* Debug */,
				50CA1BD3261F0DB200DCBD13 /* Release */,
			);
			defaultConfigurationIsVisible = 0;
			defaultConfigurationName = Release;
		};
/* End XCConfigurationList section */
	};
	rootObject = 50CA1BB5261F0DB100DCBD13 /* Project object */;
}
